{
  "name": "@pyrite/xwvm",
  "version": "0.1.0",
  "lockfileVersion": 3,
  "requires": true,
  "packages": {
    "": {
      "name": "@pyrite/xwvm",
      "version": "0.1.0",
      "hasInstallScript": true,
      "dependencies": {
        "@pyrite/core": "file:../core"
      }
    },
    "../core": {
      "name": "@pyrite/core",
      "version": "0.1.0"
    },
    "node_modules/@pyrite/core": {
      "resolved": "../core",
      "link": true
    }
  }
}
